{
  "version": 4,
  "terraform_version": "1.15.8",
  "serial": 1,
  "lineage": "8223ac96-e863-65c9-acac-13adc2e87acb",
  "outputs": {},
  "resources": [
    {
      "mode": "managed",
      "type": "docker_image",
      "name": "sre_pulse",
      "provider": "provider[\"registry.terraform.io/kreuzwerker/docker\"]",
      "instances": [
        {
          "schema_version": 0,
          "attributes": {
            "build": [],
            "force_remove": null,
            "id": "sha256:423890527c42b92ffead440d2d76accc6baf59ab2e6eb1100d2bdb57925218a5sre-pulse:latest",
            "image_id": "sha256:423890527c42b92ffead440d2d76accc6baf59ab2e6eb1100d2bdb57925218a5",
            "keep_locally": null,
            "name": "sre-pulse:latest",
            "platform": null,
            "pull_triggers": null,
            "repo_digest": "sre-pulse@sha256:423890527c42b92ffead440d2d76accc6baf59ab2e6eb1100d2bdb57925218a5",
            "timeouts": null,
            "triggers": null
          },
          "sensitive_attributes": [],
          "identity_schema_version": 0,
          "private": "eyJlMmJmYjczMC1lY2FhLTExZTYtOGY4OC0zNDM2M2JjN2M0YzAiOnsiY3JlYXRlIjoxMjAwMDAwMDAwMDAwLCJkZWxldGUiOjEyMDAwMDAwMDAwMDAsInVwZGF0ZSI6MTIwMDAwMDAwMDAwMH19"
        }
      ]
    }
  ],
  "check_results": null
}
